
Microsoft Visual Studio Solution File, Format Version 12.00
# Visual Studio 15
VisualStudioVersion = 15.0.27703.2018
MinimumVisualStudioVersion = 10.0.40219.1
Project("{9A19103F-16F7-4668-BE54-9A1E7A4F7556}") = "LSSServiceApi", "LSSServiceApi\LSSServiceApi.csproj", "{B729436A-ED41-4056-87C0-F3EEA2A44CCA}"
EndProject
Project("{FAE04EC0-301F-11D3-BF4B-00C04F79EFBC}") = "NTConfigData", "NTConfigData\NTConfigData.csproj", "{8C102AFE-C3F4-42FA-A8F6-BBA20AAA4CA4}"
EndProject
Project("{FAE04EC0-301F-11D3-BF4B-00C04F79EFBC}") = "NTTools", "NTTools\NTTools.csproj", "{184115BE-F2EE-4A6A-9B20-B8A29CFF5B1F}"
EndProject
Project("{FAE04EC0-301F-11D3-BF4B-00C04F79EFBC}") = "DeviceServer", "DeviceServer\DeviceServer.csproj", "{BEB04608-A7A5-4665-8555-D6CCEA6C989B}"
EndProject
Project("{FAE04EC0-301F-11D3-BF4B-00C04F79EFBC}") = "WebTools", "WebTools\WebTools.csproj", "{A7151CC7-D4D9-4535-AEE4-DAB984765336}"
EndProject
Global
	GlobalSection(SolutionConfigurationPlatforms) = preSolution
		Debug|Any CPU = Debug|Any CPU
		Release|Any CPU = Release|Any CPU
	EndGlobalSection
	GlobalSection(ProjectConfigurationPlatforms) = postSolution
		{B729436A-ED41-4056-87C0-F3EEA2A44CCA}.Debug|Any CPU.ActiveCfg = Debug|Any CPU
		{B729436A-ED41-4056-87C0-F3EEA2A44CCA}.Debug|Any CPU.Build.0 = Debug|Any CPU
		{B729436A-ED41-4056-87C0-F3EEA2A44CCA}.Release|Any CPU.ActiveCfg = Release|Any CPU
		{B729436A-ED41-4056-87C0-F3EEA2A44CCA}.Release|Any CPU.Build.0 = Release|Any CPU
		{8C102AFE-C3F4-42FA-A8F6-BBA20AAA4CA4}.Debug|Any CPU.ActiveCfg = Debug|Any CPU
		{8C102AFE-C3F4-42FA-A8F6-BBA20AAA4CA4}.Debug|Any CPU.Build.0 = Debug|Any CPU
		{8C102AFE-C3F4-42FA-A8F6-BBA20AAA4CA4}.Release|Any CPU.ActiveCfg = Release|Any CPU
		{8C102AFE-C3F4-42FA-A8F6-BBA20AAA4CA4}.Release|Any CPU.Build.0 = Release|Any CPU
		{184115BE-F2EE-4A6A-9B20-B8A29CFF5B1F}.Debug|Any CPU.ActiveCfg = Debug|Any CPU
		{184115BE-F2EE-4A6A-9B20-B8A29CFF5B1F}.Debug|Any CPU.Build.0 = Debug|Any CPU
		{184115BE-F2EE-4A6A-9B20-B8A29CFF5B1F}.Release|Any CPU.ActiveCfg = Release|Any CPU
		{184115BE-F2EE-4A6A-9B20-B8A29CFF5B1F}.Release|Any CPU.Build.0 = Release|Any CPU
		{BEB04608-A7A5-4665-8555-D6CCEA6C989B}.Debug|Any CPU.ActiveCfg = Debug|Any CPU
		{BEB04608-A7A5-4665-8555-D6CCEA6C989B}.Debug|Any CPU.Build.0 = Debug|Any CPU
		{BEB04608-A7A5-4665-8555-D6CCEA6C989B}.Release|Any CPU.ActiveCfg = Release|Any CPU
		{BEB04608-A7A5-4665-8555-D6CCEA6C989B}.Release|Any CPU.Build.0 = Release|Any CPU
		{A7151CC7-D4D9-4535-AEE4-DAB984765336}.Debug|Any CPU.ActiveCfg = Debug|Any CPU
		{A7151CC7-D4D9-4535-AEE4-DAB984765336}.Debug|Any CPU.Build.0 = Debug|Any CPU
		{A7151CC7-D4D9-4535-AEE4-DAB984765336}.Release|Any CPU.ActiveCfg = Release|Any CPU
		{A7151CC7-D4D9-4535-AEE4-DAB984765336}.Release|Any CPU.Build.0 = Release|Any CPU
	EndGlobalSection
	GlobalSection(SolutionProperties) = preSolution
		HideSolutionNode = FALSE
	EndGlobalSection
	GlobalSection(ExtensibilityGlobals) = postSolution
		SolutionGuid = {2396D2FB-F4B3-4E58-BAA2-1C0FF23940D9}
	EndGlobalSection
EndGlobal
